#MicroXplorer Configuration settings - do not modify
CAD.formats=
CAD.pinconfig=
CAD.provider=
CAN1.BS1=CAN_BS1_13TQ
CAN1.BS2=CAN_BS2_2TQ
CAN1.CalculateBaudRate=1000000
CAN1.CalculateTimeBit=1000
CAN1.CalculateTimeQuantum=62.5
CAN1.IPParameters=CalculateTimeQuantum,CalculateTimeBit,CalculateBaudRate,Prescaler,BS1,BS2,Mode,NART,TXFP
CAN1.Mode=CAN_MODE_NORMAL
CAN1.NART=DISABLE
CAN1.Prescaler=5
CAN1.TXFP=DISABLE
Dma.Request0=SPI1_TX
Dma.RequestsNb=1
Dma.SPI1_TX.0.Direction=DMA_MEMORY_TO_PERIPH
Dma.SPI1_TX.0.Instance=DMA1_Channel3
Dma.SPI1_TX.0.MemDataAlignment=DMA_MDATAALIGN_BYTE
Dma.SPI1_TX.0.MemInc=DMA_MINC_ENABLE
Dma.SPI1_TX.0.Mode=DMA_NORMAL
Dma.SPI1_TX.0.PeriphDataAlignment=DMA_PDATAALIGN_BYTE
Dma.SPI1_TX.0.PeriphInc=DMA_PINC_DISABLE
Dma.SPI1_TX.0.Priority=DMA_PRIORITY_VERY_HIGH
Dma.SPI1_TX.0.RequestParameters=Instance,Direction,PeriphInc,MemInc,PeriphDataAlignment,MemDataAlignment,Mode,Priority
File.Version=6
GPIO.groupedBy=Group By Peripherals
IWDG.IPParameters=Window,Reload
IWDG.Reload=3999
IWDG.Window=3999
KeepUserPlacement=false
Mcu.CPN=STM32L432KCU6
Mcu.Family=STM32L4
Mcu.IP0=CAN1
Mcu.IP1=DMA
Mcu.IP2=IWDG
Mcu.IP3=NVIC
Mcu.IP4=RCC
Mcu.IP5=SPI1
Mcu.IP6=SYS
Mcu.IP7=TIM6
Mcu.IP8=TIM7
Mcu.IPNb=9
Mcu.Name=STM32L432K(B-C)Ux
Mcu.Package=UFQFPN32
Mcu.Pin0=PC14-OSC32_IN (PC14)
Mcu.Pin1=PC15-OSC32_OUT (PC15)
Mcu.Pin10=VP_SYS_VS_Systick
Mcu.Pin11=VP_TIM6_VS_ClockSourceINT
Mcu.Pin12=VP_TIM7_VS_ClockSourceINT
Mcu.Pin2=PA0
Mcu.Pin3=PA1
Mcu.Pin4=PA7
Mcu.Pin5=PA11
Mcu.Pin6=PA12
Mcu.Pin7=PA13 (JTMS-SWDIO)
Mcu.Pin8=PA14 (JTCK-SWCLK)
Mcu.Pin9=VP_IWDG_VS_IWDG
Mcu.PinsNb=13
Mcu.ThirdPartyNb=0
Mcu.UserConstants=
Mcu.UserName=STM32L432KCUx
MxCube.Version=6.8.1
MxDb.Version=DB.6.0.81
NVIC.BusFault_IRQn=true\:0\:0\:false\:false\:true\:false\:false\:false
NVIC.CAN1_RX0_IRQn=true\:0\:0\:false\:false\:true\:true\:true\:true
NVIC.CAN1_RX1_IRQn=true\:0\:0\:false\:false\:true\:true\:true\:true
NVIC.CAN1_SCE_IRQn=true\:0\:0\:false\:false\:true\:true\:true\:true
NVIC.CAN1_TX_IRQn=true\:0\:0\:false\:false\:true\:true\:true\:true
NVIC.DMA1_Channel3_IRQn=true\:0\:0\:false\:false\:true\:false\:true\:true
NVIC.DebugMonitor_IRQn=true\:0\:0\:false\:false\:true\:false\:false\:false
NVIC.ForceEnableDMAVector=true
NVIC.HardFault_IRQn=true\:0\:0\:false\:false\:true\:false\:false\:false
NVIC.MemoryManagement_IRQn=true\:0\:0\:false\:false\:true\:false\:false\:false
NVIC.NonMaskableInt_IRQn=true\:0\:0\:false\:false\:true\:false\:false\:false
NVIC.PendSV_IRQn=true\:0\:0\:false\:false\:true\:false\:false\:false
NVIC.PriorityGroup=NVIC_PRIORITYGROUP_4
NVIC.SPI1_IRQn=true\:0\:0\:false\:false\:true\:true\:true\:true
NVIC.SVCall_IRQn=true\:0\:0\:false\:false\:true\:false\:false\:false
NVIC.SysTick_IRQn=true\:15\:0\:false\:false\:true\:false\:true\:false
NVIC.TIM6_DAC_IRQn=true\:0\:0\:false\:false\:true\:true\:true\:true
NVIC.TIM7_IRQn=true\:0\:0\:false\:false\:true\:true\:true\:true
NVIC.UsageFault_IRQn=true\:0\:0\:false\:false\:true\:false\:false\:false
PA0.Mode=HSE-External-Clock-Source-for-LittleOrca
PA0.Signal=RCC_CK_IN
PA1.Mode=TX_Only_Simplex_Unidirect_Master
PA1.Signal=SPI1_SCK
PA11.Mode=CAN_Activate
PA11.Signal=CAN1_RX
PA12.Mode=CAN_Activate
PA12.Signal=CAN1_TX
PA13\ (JTMS-SWDIO).Mode=Serial_Wire
PA13\ (JTMS-SWDIO).Signal=SYS_JTMS-SWDIO
PA14\ (JTCK-SWCLK).Mode=Serial_Wire
PA14\ (JTCK-SWCLK).Signal=SYS_JTCK-SWCLK
PA7.GPIOParameters=GPIO_Label
PA7.GPIO_Label=LED_DATA
PA7.Mode=TX_Only_Simplex_Unidirect_Master
PA7.Signal=SPI1_MOSI
PC14-OSC32_IN\ (PC14).GPIOParameters=GPIO_PuPd,GPIO_Label
PC14-OSC32_IN\ (PC14).GPIO_Label=BOARD_ID_1
PC14-OSC32_IN\ (PC14).GPIO_PuPd=GPIO_PULLUP
PC14-OSC32_IN\ (PC14).Locked=true
PC14-OSC32_IN\ (PC14).Signal=GPIO_Input
PC15-OSC32_OUT\ (PC15).GPIOParameters=GPIO_PuPd,GPIO_Label
PC15-OSC32_OUT\ (PC15).GPIO_Label=BOARD_ID_2
PC15-OSC32_OUT\ (PC15).GPIO_PuPd=GPIO_PULLUP
PC15-OSC32_OUT\ (PC15).Locked=true
PC15-OSC32_OUT\ (PC15).Signal=GPIO_Input
PinOutPanel.RotationAngle=0
ProjectManager.AskForMigrate=true
ProjectManager.BackupPrevious=true
ProjectManager.CompilerOptimize=6
ProjectManager.ComputerToolchain=false
ProjectManager.CoupleFile=true
ProjectManager.CustomerFirmwarePackage=
ProjectManager.DefaultFWLocation=true
ProjectManager.DeletePrevious=true
ProjectManager.DeviceId=STM32L432KCUx
ProjectManager.FirmwarePackage=STM32Cube FW_L4 V1.17.2
ProjectManager.FreePins=false
ProjectManager.HalAssertFull=false
ProjectManager.HeapSize=0x200
ProjectManager.KeepUserCode=true
ProjectManager.LastFirmware=true
ProjectManager.LibraryCopy=1
ProjectManager.MainLocation=Core/Src
ProjectManager.NoMain=false
ProjectManager.PreviousToolchain=
ProjectManager.ProjectBuild=false
ProjectManager.ProjectFileName=assi.ioc
ProjectManager.ProjectName=assi
ProjectManager.ProjectStructure=
ProjectManager.RegisterCallBack=
ProjectManager.StackSize=0x400
ProjectManager.TargetToolchain=Makefile
ProjectManager.ToolChainLocation=
ProjectManager.UnderRoot=false
ProjectManager.functionlistsort=1-SystemClock_Config-RCC-false-HAL-false,2-MX_GPIO_Init-GPIO-false-HAL-true,3-MX_DMA_Init-DMA-false-HAL-true,4-MX_SPI1_Init-SPI1-false-HAL-true,5-MX_CAN1_Init-CAN1-false-HAL-true,6-MX_IWDG_Init-IWDG-false-HAL-true,7-MX_TIM6_Init-TIM6-false-HAL-true,8-MX_TIM7_Init-TIM7-false-HAL-true
RCC.ADCFreq_Value=20000000
RCC.AHBFreq_Value=80000000
RCC.APB1Freq_Value=80000000
RCC.APB1TimFreq_Value=80000000
RCC.APB2Freq_Value=80000000
RCC.APB2TimFreq_Value=80000000
RCC.CortexFreq_Value=80000000
RCC.FCLKCortexFreq_Value=80000000
RCC.FamilyName=M
RCC.HCLKFreq_Value=80000000
RCC.HSE_VALUE=25000000
RCC.HSI48_VALUE=48000000
RCC.HSI_VALUE=16000000
RCC.I2C1Freq_Value=80000000
RCC.I2C3Freq_Value=80000000
RCC.IPParameters=ADCFreq_Value,AHBFreq_Value,APB1Freq_Value,APB1TimFreq_Value,APB2Freq_Value,APB2TimFreq_Value,CortexFreq_Value,FCLKCortexFreq_Value,FamilyName,HCLKFreq_Value,HSE_VALUE,HSI48_VALUE,HSI_VALUE,I2C1Freq_Value,I2C3Freq_Value,LPTIM1Freq_Value,LPTIM2Freq_Value,LPUART1Freq_Value,LSCOPinFreq_Value,LSE_VALUE,LSI_VALUE,MCO1PinFreq_Value,MSI_VALUE,PLLM,PLLN,PLLPoutputFreq_Value,PLLQoutputFreq_Value,PLLRCLKFreq_Value,PLLSAI1PoutputFreq_Value,PLLSAI1QoutputFreq_Value,PLLSAI1RoutputFreq_Value,PLLSourceVirtual,PWRFreq_Value,RNGFreq_Value,SAI1Freq_Value,SWPMI1Freq_Value,SYSCLKFreq_VALUE,SYSCLKSource,USART1Freq_Value,USART2Freq_Value,USBFreq_Value,VCOInputFreq_Value,VCOOutputFreq_Value,VCOSAI1OutputFreq_Value
RCC.LPTIM1Freq_Value=80000000
RCC.LPTIM2Freq_Value=80000000
RCC.LPUART1Freq_Value=80000000
RCC.LSCOPinFreq_Value=32000
RCC.LSE_VALUE=32768
RCC.LSI_VALUE=32000
RCC.MCO1PinFreq_Value=80000000
RCC.MSI_VALUE=4000000
RCC.PLLM=5
RCC.PLLN=32
RCC.PLLPoutputFreq_Value=22857142.85714286
RCC.PLLQoutputFreq_Value=80000000
RCC.PLLRCLKFreq_Value=80000000
RCC.PLLSAI1PoutputFreq_Value=5714285.714285715
RCC.PLLSAI1QoutputFreq_Value=20000000
RCC.PLLSAI1RoutputFreq_Value=20000000
RCC.PLLSourceVirtual=RCC_PLLSOURCE_HSE
RCC.PWRFreq_Value=80000000
RCC.RNGFreq_Value=20000000
RCC.SAI1Freq_Value=5714285.714285715
RCC.SWPMI1Freq_Value=80000000
RCC.SYSCLKFreq_VALUE=80000000
RCC.SYSCLKSource=RCC_SYSCLKSOURCE_PLLCLK
RCC.USART1Freq_Value=80000000
RCC.USART2Freq_Value=80000000
RCC.USBFreq_Value=20000000
RCC.VCOInputFreq_Value=5000000
RCC.VCOOutputFreq_Value=160000000
RCC.VCOSAI1OutputFreq_Value=40000000
SPI1.BaudRatePrescaler=SPI_BAUDRATEPRESCALER_16
SPI1.CLKPolarity=SPI_POLARITY_LOW
SPI1.CalculateBaudRate=5.0 MBits/s
SPI1.DataSize=SPI_DATASIZE_8BIT
SPI1.Direction=SPI_DIRECTION_2LINES
SPI1.IPParameters=VirtualType,Mode,Direction,CalculateBaudRate,DataSize,BaudRatePrescaler,NSSPMode,CLKPolarity
SPI1.Mode=SPI_MODE_MASTER
SPI1.NSSPMode=SPI_NSS_PULSE_DISABLE
SPI1.VirtualType=VM_MASTER
TIM6.IPParameters=Prescaler,Period
TIM6.Period=2499
TIM6.Prescaler=7999
TIM7.IPParameters=Prescaler,Period
TIM7.Period=99
TIM7.Prescaler=79
VP_IWDG_VS_IWDG.Mode=IWDG_Activate
VP_IWDG_VS_IWDG.Signal=IWDG_VS_IWDG
VP_SYS_VS_Systick.Mode=SysTick
VP_SYS_VS_Systick.Signal=SYS_VS_Systick
VP_TIM6_VS_ClockSourceINT.Mode=Enable_Timer
VP_TIM6_VS_ClockSourceINT.Signal=TIM6_VS_ClockSourceINT
VP_TIM7_VS_ClockSourceINT.Mode=Enable_Timer
VP_TIM7_VS_ClockSourceINT.Signal=TIM7_VS_ClockSourceINT
board=custom
